
Microsoft Visual Studio Solution File, Format Version 12.00
# Visual Studio Version 16
VisualStudioVersion = 16.0.32126.315
MinimumVisualStudioVersion = 10.0.40219.1
Project("{FAE04EC0-301F-11D3-BF4B-00C04F79EFBC}") = "CustomerList", "ProductList\CustomerList.csproj", "{843C840C-740F-4FB6-B1E5-D39FDF4073AF}"
EndProject
Global
	GlobalSection(SolutionConfigurationPlatforms) = preSolution
		Debug|Any CPU = Debug|Any CPU
		Release|Any CPU = Release|Any CPU
	EndGlobalSection
	GlobalSection(ProjectConfigurationPlatforms) = postSolution
		{843C840C-740F-4FB6-B1E5-D39FDF4073AF}.Debug|Any CPU.ActiveCfg = Debug|Any CPU
		{843C840C-740F-4FB6-B1E5-D39FDF4073AF}.Debug|Any CPU.Build.0 = Debug|Any CPU
		{843C840C-740F-4FB6-B1E5-D39FDF4073AF}.Release|Any CPU.ActiveCfg = Release|Any CPU
		{843C840C-740F-4FB6-B1E5-D39FDF4073AF}.Release|Any CPU.Build.0 = Release|Any CPU
	EndGlobalSection
	GlobalSection(SolutionProperties) = preSolution
		HideSolutionNode = FALSE
	EndGlobalSection
	GlobalSection(ExtensibilityGlobals) = postSolution
		SolutionGuid = {1165545C-F4BB-4C26-9E55-A22611840600}
	EndGlobalSection
EndGlobal
